// !$*UTF8*$!
{
	archiveVersion = 1;
	classes = {
	};
	objectVersion = 55;
	objects = {

/* Begin PBXBuildFile section */
		1DB6E5832755AB4C00EBCE19 /* main.cpp in Sources */ = {isa = PBXBuildFile; fileRef = 1DB6E5822755AB4C00EBCE19 /* main.cpp */; };
		1DB6E58B2755BC9500EBCE19 /* Money.cpp in Sources */ = {isa = PBXBuildFile; fileRef = 1DB6E5892755BC9500EBCE19 /* Money.cpp */; };
		1DB6E5912755D04900EBCE19 /* machineOne.cpp in Sources */ = {isa = PBXBuildFile; fileRef = 1DB6E58F2755D04900EBCE19 /* machineOne.cpp */; };
		1DB6E5942755D06A00EBCE19 /* machineTwo.cpp in Sources */ = {isa = PBXBuildFile; fileRef = 1DB6E5922755D06A00EBCE19 /* machineTwo.cpp */; };
		1DB6E5982755D0F300EBCE19 /* cost.cpp in Sources */ = {isa = PBXBuildFile; fileRef = 1DB6E5962755D0F300EBCE19 /* cost.cpp */; };
		1DB6E59B2756917F00EBCE19 /* machineThree.cpp in Sources */ = {isa = PBXBuildFile; fileRef = 1DB6E5992756917F00EBCE19 /* machineThree.cpp */; };
		1DB6E59E2756C79B00EBCE19 /* machineCollection.cpp in Sources */ = {isa = PBXBuildFile; fileRef = 1DB6E59C2756C79B00EBCE19 /* machineCollection.cpp */; };
/* End PBXBuildFile section */

/* Begin PBXCopyFilesBuildPhase section */
		1DB6E57D2755AB4C00EBCE19 /* CopyFiles */ = {
			isa = PBXCopyFilesBuildPhase;
			buildActionMask = 2147483647;
			dstPath = /usr/share/man/man1/;
			dstSubfolderSpec = 0;
			files = (
			);
			runOnlyForDeploymentPostprocessing = 1;
		};
/* End PBXCopyFilesBuildPhase section */

/* Begin PBXFileReference section */
		1DB6E57F2755AB4C00EBCE19 /* Unit 11: Final Project */ = {isa = PBXFileReference; explicitFileType = "compiled.mach-o.executable"; includeInIndex = 0; path = "Unit 11: Final Project"; sourceTree = BUILT_PRODUCTS_DIR; };
		1DB6E5822755AB4C00EBCE19 /* main.cpp */ = {isa = PBXFileReference; lastKnownFileType = sourcecode.cpp.cpp; path = main.cpp; sourceTree = "<group>"; };
		1DB6E5892755BC9500EBCE19 /* Money.cpp */ = {isa = PBXFileReference; lastKnownFileType = sourcecode.cpp.cpp; path = Money.cpp; sourceTree = "<group>"; };
		1DB6E58A2755BC9500EBCE19 /* Money.hpp */ = {isa = PBXFileReference; lastKnownFileType = sourcecode.cpp.h; path = Money.hpp; sourceTree = "<group>"; };
		1DB6E58F2755D04900EBCE19 /* machineOne.cpp */ = {isa = PBXFileReference; lastKnownFileType = sourcecode.cpp.cpp; path = machineOne.cpp; sourceTree = "<group>"; };
		1DB6E5902755D04900EBCE19 /* machineOne.hpp */ = {isa = PBXFileReference; lastKnownFileType = sourcecode.cpp.h; name = machineOne.hpp; path = "Unit 11: Final Project/Machines/machineOne.hpp"; sourceTree = SOURCE_ROOT; };
		1DB6E5922755D06A00EBCE19 /* machineTwo.cpp */ = {isa = PBXFileReference; lastKnownFileType = sourcecode.cpp.cpp; path = machineTwo.cpp; sourceTree = "<group>"; };
		1DB6E5932755D06A00EBCE19 /* machineTwo.hpp */ = {isa = PBXFileReference; lastKnownFileType = sourcecode.cpp.h; path = machineTwo.hpp; sourceTree = "<group>"; };
		1DB6E5962755D0F300EBCE19 /* cost.cpp */ = {isa = PBXFileReference; lastKnownFileType = sourcecode.cpp.cpp; path = cost.cpp; sourceTree = "<group>"; };
		1DB6E5972755D0F300EBCE19 /* cost.hpp */ = {isa = PBXFileReference; lastKnownFileType = sourcecode.cpp.h; path = cost.hpp; sourceTree = "<group>"; };
		1DB6E5992756917F00EBCE19 /* machineThree.cpp */ = {isa = PBXFileReference; lastKnownFileType = sourcecode.cpp.cpp; path = machineThree.cpp; sourceTree = "<group>"; };
		1DB6E59A2756917F00EBCE19 /* machineThree.hpp */ = {isa = PBXFileReference; lastKnownFileType = sourcecode.cpp.h; path = machineThree.hpp; sourceTree = "<group>"; };
		1DB6E59C2756C79B00EBCE19 /* machineCollection.cpp */ = {isa = PBXFileReference; lastKnownFileType = sourcecode.cpp.cpp; path = machineCollection.cpp; sourceTree = "<group>"; };
		1DB6E59D2756C79B00EBCE19 /* machineCollection.hpp */ = {isa = PBXFileReference; lastKnownFileType = sourcecode.cpp.h; path = machineCollection.hpp; sourceTree = "<group>"; };
/* End PBXFileReference section */

/* Begin PBXFrameworksBuildPhase section */
		1DB6E57C2755AB4C00EBCE19 /* Frameworks */ = {
			isa = PBXFrameworksBuildPhase;
			buildActionMask = 2147483647;
			files = (
			);
			runOnlyForDeploymentPostprocessing = 0;
		};
/* End PBXFrameworksBuildPhase section */

/* Begin PBXGroup section */
		1DB6E5762755AB4C00EBCE19 = {
			isa = PBXGroup;
			children = (
				1DB6E5812755AB4C00EBCE19 /* Unit 11: Final Project */,
				1DB6E5802755AB4C00EBCE19 /* Products */,
			);
			sourceTree = "<group>";
		};
		1DB6E5802755AB4C00EBCE19 /* Products */ = {
			isa = PBXGroup;
			children = (
				1DB6E57F2755AB4C00EBCE19 /* Unit 11: Final Project */,
			);
			name = Products;
			sourceTree = "<group>";
		};
		1DB6E5812755AB4C00EBCE19 /* Unit 11: Final Project */ = {
			isa = PBXGroup;
			children = (
				1DB6E5822755AB4C00EBCE19 /* main.cpp */,
				1DB6E5892755BC9500EBCE19 /* Money.cpp */,
				1DB6E58A2755BC9500EBCE19 /* Money.hpp */,
				1DB6E5962755D0F300EBCE19 /* cost.cpp */,
				1DB6E5972755D0F300EBCE19 /* cost.hpp */,
				1DB6E5952755D07F00EBCE19 /* Machines */,
			);
			path = "Unit 11: Final Project";
			sourceTree = "<group>";
		};
		1DB6E5952755D07F00EBCE19 /* Machines */ = {
			isa = PBXGroup;
			children = (
				1DB6E59C2756C79B00EBCE19 /* machineCollection.cpp */,
				1DB6E59D2756C79B00EBCE19 /* machineCollection.hpp */,
				1DB6E58F2755D04900EBCE19 /* machineOne.cpp */,
				1DB6E5902755D04900EBCE19 /* machineOne.hpp */,
				1DB6E5922755D06A00EBCE19 /* machineTwo.cpp */,
				1DB6E5932755D06A00EBCE19 /* machineTwo.hpp */,
				1DB6E5992756917F00EBCE19 /* machineThree.cpp */,
				1DB6E59A2756917F00EBCE19 /* machineThree.hpp */,
			);
			path = Machines;
			sourceTree = "<group>";
		};
/* End PBXGroup section */

/* Begin PBXNativeTarget section */
		1DB6E57E2755AB4C00EBCE19 /* Unit 11: Final Project */ = {
			isa = PBXNativeTarget;
			buildConfigurationList = 1DB6E5862755AB4C00EBCE19 /* Build configuration list for PBXNativeTarget "Unit 11: Final Project" */;
			buildPhases = (
				1DB6E57B2755AB4C00EBCE19 /* Sources */,
				1DB6E57C2755AB4C00EBCE19 /* Frameworks */,
				1DB6E57D2755AB4C00EBCE19 /* CopyFiles */,
			);
			buildRules = (
			);
			dependencies = (
			);
			name = "Unit 11: Final Project";
			productName = "Unit 11: Final Project";
			productReference = 1DB6E57F2755AB4C00EBCE19 /* Unit 11: Final Project */;
			productType = "com.apple.product-type.tool";
		};
/* End PBXNativeTarget section */

/* Begin PBXProject section */
		1DB6E5772755AB4C00EBCE19 /* Project object */ = {
			isa = PBXProject;
			attributes = {
				BuildIndependentTargetsInParallel = 1;
				LastUpgradeCheck = 1310;
				TargetAttributes = {
					1DB6E57E2755AB4C00EBCE19 = {
						CreatedOnToolsVersion = 13.1;
					};
				};
			};
			buildConfigurationList = 1DB6E57A2755AB4C00EBCE19 /* Build configuration list for PBXProject "Unit 11: Final Project" */;
			compatibilityVersion = "Xcode 13.0";
			developmentRegion = en;
			hasScannedForEncodings = 0;
			knownRegions = (
				en,
				Base,
			);
			mainGroup = 1DB6E5762755AB4C00EBCE19;
			productRefGroup = 1DB6E5802755AB4C00EBCE19 /* Products */;
			projectDirPath = "";
			projectRoot = "";
			targets = (
				1DB6E57E2755AB4C00EBCE19 /* Unit 11: Final Project */,
			);
		};
/* End PBXProject section */

/* Begin PBXSourcesBuildPhase section */
		1DB6E57B2755AB4C00EBCE19 /* Sources */ = {
			isa = PBXSourcesBuildPhase;
			buildActionMask = 2147483647;
			files = (
				1DB6E58B2755BC9500EBCE19 /* Money.cpp in Sources */,
				1DB6E5942755D06A00EBCE19 /* machineTwo.cpp in Sources */,
				1DB6E5982755D0F300EBCE19 /* cost.cpp in Sources */,
				1DB6E5912755D04900EBCE19 /* machineOne.cpp in Sources */,
				1DB6E5832755AB4C00EBCE19 /* main.cpp in Sources */,
				1DB6E59B2756917F00EBCE19 /* machineThree.cpp in Sources */,
				1DB6E59E2756C79B00EBCE19 /* machineCollection.cpp in Sources */,
			);
			runOnlyForDeploymentPostprocessing = 0;
		};
/* End PBXSourcesBuildPhase section */

/* Begin XCBuildConfiguration section */
		1DB6E5842755AB4C00EBCE19 /* Debug */ = {
			isa = XCBuildConfiguration;
			buildSettings = {
				ALWAYS_SEARCH_USER_PATHS = NO;
				CLANG_ANALYZER_NONNULL = YES;
				CLANG_ANALYZER_NUMBER_OBJECT_CONVERSION = YES_AGGRESSIVE;
				CLANG_CXX_LANGUAGE_STANDARD = "gnu++17";
				CLANG_CXX_LIBRARY = "libc++";
				CLANG_ENABLE_MODULES = YES;
				CLANG_ENABLE_OBJC_ARC = YES;
				CLANG_ENABLE_OBJC_WEAK = YES;
				CLANG_WARN_BLOCK_CAPTURE_AUTORELEASING = YES;
				CLANG_WARN_BOOL_CONVERSION = YES;
				CLANG_WARN_COMMA = YES;
				CLANG_WARN_CONSTANT_CONVERSION = YES;
				CLANG_WARN_DEPRECATED_OBJC_IMPLEMENTATIONS = YES;
				CLANG_WARN_DIRECT_OBJC_ISA_USAGE = YES_ERROR;
				CLANG_WARN_DOCUMENTATION_COMMENTS = YES;
				CLANG_WARN_EMPTY_BODY = YES;
				CLANG_WARN_ENUM_CONVERSION = YES;
				CLANG_WARN_INFINITE_RECURSION = YES;
				CLANG_WARN_INT_CONVERSION = YES;
				CLANG_WARN_NON_LITERAL_NULL_CONVERSION = YES;
				CLANG_WARN_OBJC_IMPLICIT_RETAIN_SELF = YES;
				CLANG_WARN_OBJC_LITERAL_CONVERSION = YES;
				CLANG_WARN_OBJC_ROOT_CLASS = YES_ERROR;
				CLANG_WARN_QUOTED_INCLUDE_IN_FRAMEWORK_HEADER = YES;
				CLANG_WARN_RANGE_LOOP_ANALYSIS = YES;
				CLANG_WARN_STRICT_PROTOTYPES = YES;
				CLANG_WARN_SUSPICIOUS_MOVE = YES;
				CLANG_WARN_UNGUARDED_AVAILABILITY = YES_AGGRESSIVE;
				CLANG_WARN_UNREACHABLE_CODE = YES;
				CLANG_WARN__DUPLICATE_METHOD_MATCH = YES;
				COPY_PHASE_STRIP = NO;
				DEBUG_INFORMATION_FORMAT = dwarf;
				ENABLE_STRICT_OBJC_MSGSEND = YES;
				ENABLE_TESTABILITY = YES;
				GCC_C_LANGUAGE_STANDARD = gnu11;
				GCC_DYNAMIC_NO_PIC = NO;
				GCC_NO_COMMON_BLOCKS = YES;
				GCC_OPTIMIZATION_LEVEL = 0;
				GCC_PREPROCESSOR_DEFINITIONS = (
					"DEBUG=1",
					"$(inherited)",
				);
				GCC_WARN_64_TO_32_BIT_CONVERSION = YES;
				GCC_WARN_ABOUT_RETURN_TYPE = YES_ERROR;
				GCC_WARN_UNDECLARED_SELECTOR = YES;
				GCC_WARN_UNINITIALIZED_AUTOS = YES_AGGRESSIVE;
				GCC_WARN_UNUSED_FUNCTION = YES;
				GCC_WARN_UNUSED_VARIABLE = YES;
				MACOSX_DEPLOYMENT_TARGET = 12.0;
				MTL_ENABLE_DEBUG_INFO = INCLUDE_SOURCE;
				MTL_FAST_MATH = YES;
				ONLY_ACTIVE_ARCH = YES;
				SDKROOT = macosx;
			};
			name = Debug;
		};
		1DB6E5852755AB4C00EBCE19 /* Release */ = {
			isa = XCBuildConfiguration;
			buildSettings = {
				ALWAYS_SEARCH_USER_PATHS = NO;
				CLANG_ANALYZER_NONNULL = YES;
				CLANG_ANALYZER_NUMBER_OBJECT_CONVERSION = YES_AGGRESSIVE;
				CLANG_CXX_LANGUAGE_STANDARD = "gnu++17";
				CLANG_CXX_LIBRARY = "libc++";
				CLANG_ENABLE_MODULES = YES;
				CLANG_ENABLE_OBJC_ARC = YES;
				CLANG_ENABLE_OBJC_WEAK = YES;
				CLANG_WARN_BLOCK_CAPTURE_AUTORELEASING = YES;
				CLANG_WARN_BOOL_CONVERSION = YES;
				CLANG_WARN_COMMA = YES;
				CLANG_WARN_CONSTANT_CONVERSION = YES;
				CLANG_WARN_DEPRECATED_OBJC_IMPLEMENTATIONS = YES;
				CLANG_WARN_DIRECT_OBJC_ISA_USAGE = YES_ERROR;
				CLANG_WARN_DOCUMENTATION_COMMENTS = YES;
				CLANG_WARN_EMPTY_BODY = YES;
				CLANG_WARN_ENUM_CONVERSION = YES;
				CLANG_WARN_INFINITE_RECURSION = YES;
				CLANG_WARN_INT_CONVERSION = YES;
				CLANG_WARN_NON_LITERAL_NULL_CONVERSION = YES;
				CLANG_WARN_OBJC_IMPLICIT_RETAIN_SELF = YES;
				CLANG_WARN_OBJC_LITERAL_CONVERSION = YES;
				CLANG_WARN_OBJC_ROOT_CLASS = YES_ERROR;
				CLANG_WARN_QUOTED_INCLUDE_IN_FRAMEWORK_HEADER = YES;
				CLANG_WARN_RANGE_LOOP_ANALYSIS = YES;
				CLANG_WARN_STRICT_PROTOTYPES = YES;
				CLANG_WARN_SUSPICIOUS_MOVE = YES;
				CLANG_WARN_UNGUARDED_AVAILABILITY = YES_AGGRESSIVE;
				CLANG_WARN_UNREACHABLE_CODE = YES;
				CLANG_WARN__DUPLICATE_METHOD_MATCH = YES;
				COPY_PHASE_STRIP = NO;
				DEBUG_INFORMATION_FORMAT = "dwarf-with-dsym";
				ENABLE_NS_ASSERTIONS = NO;
				ENABLE_STRICT_OBJC_MSGSEND = YES;
				GCC_C_LANGUAGE_STANDARD = gnu11;
				GCC_NO_COMMON_BLOCKS = YES;
				GCC_WARN_64_TO_32_BIT_CONVERSION = YES;
				GCC_WARN_ABOUT_RETURN_TYPE = YES_ERROR;
				GCC_WARN_UNDECLARED_SELECTOR = YES;
				GCC_WARN_UNINITIALIZED_AUTOS = YES_AGGRESSIVE;
				GCC_WARN_UNUSED_FUNCTION = YES;
				GCC_WARN_UNUSED_VARIABLE = YES;
				MACOSX_DEPLOYMENT_TARGET = 12.0;
				MTL_ENABLE_DEBUG_INFO = NO;
				MTL_FAST_MATH = YES;
				SDKROOT = macosx;
			};
			name = Release;
		};
		1DB6E5872755AB4C00EBCE19 /* Debug */ = {
			isa = XCBuildConfiguration;
			buildSettings = {
				CODE_SIGN_STYLE = Automatic;
				DEVELOPMENT_TEAM = YQZJF26P66;
				ENABLE_HARDENED_RUNTIME = YES;
				PRODUCT_NAME = "$(TARGET_NAME)";
			};
			name = Debug;
		};
		1DB6E5882755AB4C00EBCE19 /* Release */ = {
			isa = XCBuildConfiguration;
			buildSettings = {
				CODE_SIGN_STYLE = Automatic;
				DEVELOPMENT_TEAM = YQZJF26P66;
				ENABLE_HARDENED_RUNTIME = YES;
				PRODUCT_NAME = "$(TARGET_NAME)";
			};
			name = Release;
		};
/* End XCBuildConfiguration section */

/* Begin XCConfigurationList section */
		1DB6E57A2755AB4C00EBCE19 /* Build configuration list for PBXProject "Unit 11: Final Project" */ = {
			isa = XCConfigurationList;
			buildConfigurations = (
				1DB6E5842755AB4C00EBCE19 /* Debug */,
				1DB6E5852755AB4C00EBCE19 /* Release */,
			);
			defaultConfigurationIsVisible = 0;
			defaultConfigurationName = Release;
		};
		1DB6E5862755AB4C00EBCE19 /* Build configuration list for PBXNativeTarget "Unit 11: Final Project" */ = {
			isa = XCConfigurationList;
			buildConfigurations = (
				1DB6E5872755AB4C00EBCE19 /* Debug */,
				1DB6E5882755AB4C00EBCE19 /* Release */,
			);
			defaultConfigurationIsVisible = 0;
			defaultConfigurationName = Release;
		};
/* End XCConfigurationList section */
	};
	rootObject = 1DB6E5772755AB4C00EBCE19 /* Project object */;
}
